// !$*UTF8*$!
{
	archiveVersion = 1;
	classes = {
	};
	objectVersion = 56;
	objects = {

/* Begin PBXBuildFile section */
		FD16DDE32AC9750F006EF27C /* CoffeeOrderE2ETests.swift in Sources */ = {isa = PBXBuildFile; fileRef = FD16DDE22AC9750F006EF27C /* CoffeeOrderE2ETests.swift */; };
		FDAA97AB2AC840B20036E527 /* Coffee_OrderApp.swift in Sources */ = {isa = PBXBuildFile; fileRef = FDAA97AA2AC840B20036E527 /* Coffee_OrderApp.swift */; };
		FDAA97AD2AC840B20036E527 /* ContentView.swift in Sources */ = {isa = PBXBuildFile; fileRef = FDAA97AC2AC840B20036E527 /* ContentView.swift */; };
		FDAA97AF2AC840B50036E527 /* Assets.xcassets in Resources */ = {isa = PBXBuildFile; fileRef = FDAA97AE2AC840B50036E527 /* Assets.xcassets */; };
		FDAA97B22AC840B50036E527 /* Preview Assets.xcassets in Resources */ = {isa = PBXBuildFile; fileRef = FDAA97B12AC840B50036E527 /* Preview Assets.xcassets */; };
		FDAA97BA2AC840FC0036E527 /* Webservice.swift in Sources */ = {isa = PBXBuildFile; fileRef = FDAA97B92AC840FC0036E527 /* Webservice.swift */; };
		FDAA97BD2AC8414F0036E527 /* Order.swift in Sources */ = {isa = PBXBuildFile; fileRef = FDAA97BC2AC8414F0036E527 /* Order.swift */; };
		FDAA97BF2AC844B40036E527 /* CoffeeModel.swift in Sources */ = {isa = PBXBuildFile; fileRef = FDAA97BE2AC844B40036E527 /* CoffeeModel.swift */; };
		FDAA97C22AC84D620036E527 /* NumberFormatter+Extensions.swift in Sources */ = {isa = PBXBuildFile; fileRef = FDAA97C12AC84D620036E527 /* NumberFormatter+Extensions.swift */; };
		FDAA97C52AC84E890036E527 /* OrderCellView.swift in Sources */ = {isa = PBXBuildFile; fileRef = FDAA97C42AC84E890036E527 /* OrderCellView.swift */; };
		FDAA97C82AC84FBB0036E527 /* AppEnvironment.swift in Sources */ = {isa = PBXBuildFile; fileRef = FDAA97C72AC84FBB0036E527 /* AppEnvironment.swift */; };
		FDBD5C122ACAC8DB009FD841 /* OrderDetailView.swift in Sources */ = {isa = PBXBuildFile; fileRef = FDBD5C112ACAC8DB009FD841 /* OrderDetailView.swift */; };
		FDC454162AC9801200A03B88 /* AddCoffeeView.swift in Sources */ = {isa = PBXBuildFile; fileRef = FDC454152AC9801200A03B88 /* AddCoffeeView.swift */; };
		FDC454182AC9826F00A03B88 /* View+Extensions.swift in Sources */ = {isa = PBXBuildFile; fileRef = FDC454172AC9826F00A03B88 /* View+Extensions.swift */; };
		FDC4541A2AC9869100A03B88 /* String+Extensions.swift in Sources */ = {isa = PBXBuildFile; fileRef = FDC454192AC9869100A03B88 /* String+Extensions.swift */; };
/* End PBXBuildFile section */

/* Begin PBXContainerItemProxy section */
		FD16DDE62AC9750F006EF27C /* PBXContainerItemProxy */ = {
			isa = PBXContainerItemProxy;
			containerPortal = FDAA979F2AC840B20036E527 /* Project object */;
			proxyType = 1;
			remoteGlobalIDString = FDAA97A62AC840B20036E527;
			remoteInfo = "Coffee Order";
		};
/* End PBXContainerItemProxy section */

/* Begin PBXFileReference section */
		FD16DDE02AC9750E006EF27C /* CoffeeOrderE2ETests.xctest */ = {isa = PBXFileReference; explicitFileType = wrapper.cfbundle; includeInIndex = 0; path = CoffeeOrderE2ETests.xctest; sourceTree = BUILT_PRODUCTS_DIR; };
		FD16DDE22AC9750F006EF27C /* CoffeeOrderE2ETests.swift */ = {isa = PBXFileReference; lastKnownFileType = sourcecode.swift; path = CoffeeOrderE2ETests.swift; sourceTree = "<group>"; };
		FDAA97A72AC840B20036E527 /* Coffee Order.app */ = {isa = PBXFileReference; explicitFileType = wrapper.application; includeInIndex = 0; path = "Coffee Order.app"; sourceTree = BUILT_PRODUCTS_DIR; };
		FDAA97AA2AC840B20036E527 /* Coffee_OrderApp.swift */ = {isa = PBXFileReference; lastKnownFileType = sourcecode.swift; path = Coffee_OrderApp.swift; sourceTree = "<group>"; };
		FDAA97AC2AC840B20036E527 /* ContentView.swift */ = {isa = PBXFileReference; lastKnownFileType = sourcecode.swift; path = ContentView.swift; sourceTree = "<group>"; };
		FDAA97AE2AC840B50036E527 /* Assets.xcassets */ = {isa = PBXFileReference; lastKnownFileType = folder.assetcatalog; path = Assets.xcassets; sourceTree = "<group>"; };
		FDAA97B12AC840B50036E527 /* Preview Assets.xcassets */ = {isa = PBXFileReference; lastKnownFileType = folder.assetcatalog; path = "Preview Assets.xcassets"; sourceTree = "<group>"; };
		FDAA97B92AC840FC0036E527 /* Webservice.swift */ = {isa = PBXFileReference; lastKnownFileType = sourcecode.swift; path = Webservice.swift; sourceTree = "<group>"; };
		FDAA97BC2AC8414F0036E527 /* Order.swift */ = {isa = PBXFileReference; lastKnownFileType = sourcecode.swift; path = Order.swift; sourceTree = "<group>"; };
		FDAA97BE2AC844B40036E527 /* CoffeeModel.swift */ = {isa = PBXFileReference; lastKnownFileType = sourcecode.swift; path = CoffeeModel.swift; sourceTree = "<group>"; };
		FDAA97C12AC84D620036E527 /* NumberFormatter+Extensions.swift */ = {isa = PBXFileReference; lastKnownFileType = sourcecode.swift; path = "NumberFormatter+Extensions.swift"; sourceTree = "<group>"; };
		FDAA97C42AC84E890036E527 /* OrderCellView.swift */ = {isa = PBXFileReference; lastKnownFileType = sourcecode.swift; path = OrderCellView.swift; sourceTree = "<group>"; };
		FDAA97C72AC84FBB0036E527 /* AppEnvironment.swift */ = {isa = PBXFileReference; lastKnownFileType = sourcecode.swift; path = AppEnvironment.swift; sourceTree = "<group>"; };
		FDBD5C112ACAC8DB009FD841 /* OrderDetailView.swift */ = {isa = PBXFileReference; lastKnownFileType = sourcecode.swift; path = OrderDetailView.swift; sourceTree = "<group>"; };
		FDC454152AC9801200A03B88 /* AddCoffeeView.swift */ = {isa = PBXFileReference; lastKnownFileType = sourcecode.swift; path = AddCoffeeView.swift; sourceTree = "<group>"; };
		FDC454172AC9826F00A03B88 /* View+Extensions.swift */ = {isa = PBXFileReference; lastKnownFileType = sourcecode.swift; path = "View+Extensions.swift"; sourceTree = "<group>"; };
		FDC454192AC9869100A03B88 /* String+Extensions.swift */ = {isa = PBXFileReference; lastKnownFileType = sourcecode.swift; path = "String+Extensions.swift"; sourceTree = "<group>"; };
/* End PBXFileReference section */

/* Begin PBXFrameworksBuildPhase section */
		FD16DDDD2AC9750E006EF27C /* Frameworks */ = {
			isa = PBXFrameworksBuildPhase;
			buildActionMask = 2147483647;
			files = (
			);
			runOnlyForDeploymentPostprocessing = 0;
		};
		FDAA97A42AC840B20036E527 /* Frameworks */ = {
			isa = PBXFrameworksBuildPhase;
			buildActionMask = 2147483647;
			files = (
			);
			runOnlyForDeploymentPostprocessing = 0;
		};
/* End PBXFrameworksBuildPhase section */

/* Begin PBXGroup section */
		FD16DDE12AC9750E006EF27C /* CoffeeOrderE2ETests */ = {
			isa = PBXGroup;
			children = (
				FD16DDE22AC9750F006EF27C /* CoffeeOrderE2ETests.swift */,
			);
			path = CoffeeOrderE2ETests;
			sourceTree = "<group>";
		};
		FDAA979E2AC840B20036E527 = {
			isa = PBXGroup;
			children = (
				FDAA97A92AC840B20036E527 /* Coffee Order */,
				FD16DDE12AC9750E006EF27C /* CoffeeOrderE2ETests */,
				FDAA97A82AC840B20036E527 /* Products */,
			);
			sourceTree = "<group>";
		};
		FDAA97A82AC840B20036E527 /* Products */ = {
			isa = PBXGroup;
			children = (
				FDAA97A72AC840B20036E527 /* Coffee Order.app */,
				FD16DDE02AC9750E006EF27C /* CoffeeOrderE2ETests.xctest */,
			);
			name = Products;
			sourceTree = "<group>";
		};
		FDAA97A92AC840B20036E527 /* Coffee Order */ = {
			isa = PBXGroup;
			children = (
				FDAA97AA2AC840B20036E527 /* Coffee_OrderApp.swift */,
				FDAA97AC2AC840B20036E527 /* ContentView.swift */,
				FDAA97C02AC84D580036E527 /* Extensions */,
				FDAA97C32AC84E740036E527 /* Views */,
				FDAA97BB2AC841430036E527 /* Models */,
				FDAA97B82AC840ED0036E527 /* Services */,
				FDAA97C62AC84F890036E527 /* Utils */,
				FDAA97AE2AC840B50036E527 /* Assets.xcassets */,
				FDAA97B02AC840B50036E527 /* Preview Content */,
			);
			path = "Coffee Order";
			sourceTree = "<group>";
		};
		FDAA97B02AC840B50036E527 /* Preview Content */ = {
			isa = PBXGroup;
			children = (
				FDAA97B12AC840B50036E527 /* Preview Assets.xcassets */,
			);
			path = "Preview Content";
			sourceTree = "<group>";
		};
		FDAA97B82AC840ED0036E527 /* Services */ = {
			isa = PBXGroup;
			children = (
				FDAA97B92AC840FC0036E527 /* Webservice.swift */,
			);
			path = Services;
			sourceTree = "<group>";
		};
		FDAA97BB2AC841430036E527 /* Models */ = {
			isa = PBXGroup;
			children = (
				FDAA97BC2AC8414F0036E527 /* Order.swift */,
				FDAA97BE2AC844B40036E527 /* CoffeeModel.swift */,
			);
			path = Models;
			sourceTree = "<group>";
		};
		FDAA97C02AC84D580036E527 /* Extensions */ = {
			isa = PBXGroup;
			children = (
				FDAA97C12AC84D620036E527 /* NumberFormatter+Extensions.swift */,
				FDC454172AC9826F00A03B88 /* View+Extensions.swift */,
				FDC454192AC9869100A03B88 /* String+Extensions.swift */,
			);
			path = Extensions;
			sourceTree = "<group>";
		};
		FDAA97C32AC84E740036E527 /* Views */ = {
			isa = PBXGroup;
			children = (
				FDAA97C42AC84E890036E527 /* OrderCellView.swift */,
				FDC454152AC9801200A03B88 /* AddCoffeeView.swift */,
				FDBD5C112ACAC8DB009FD841 /* OrderDetailView.swift */,
			);
			path = Views;
			sourceTree = "<group>";
		};
		FDAA97C62AC84F890036E527 /* Utils */ = {
			isa = PBXGroup;
			children = (
				FDAA97C72AC84FBB0036E527 /* AppEnvironment.swift */,
			);
			path = Utils;
			sourceTree = "<group>";
		};
/* End PBXGroup section */

/* Begin PBXNativeTarget section */
		FD16DDDF2AC9750E006EF27C /* CoffeeOrderE2ETests */ = {
			isa = PBXNativeTarget;
			buildConfigurationList = FD16DDEA2AC9750F006EF27C /* Build configuration list for PBXNativeTarget "CoffeeOrderE2ETests" */;
			buildPhases = (
				FD16DDDC2AC9750E006EF27C /* Sources */,
				FD16DDDD2AC9750E006EF27C /* Frameworks */,
				FD16DDDE2AC9750E006EF27C /* Resources */,
			);
			buildRules = (
			);
			dependencies = (
				FD16DDE72AC9750F006EF27C /* PBXTargetDependency */,
			);
			name = CoffeeOrderE2ETests;
			productName = CoffeeOrderE2ETests;
			productReference = FD16DDE02AC9750E006EF27C /* CoffeeOrderE2ETests.xctest */;
			productType = "com.apple.product-type.bundle.ui-testing";
		};
		FDAA97A62AC840B20036E527 /* Coffee Order */ = {
			isa = PBXNativeTarget;
			buildConfigurationList = FDAA97B52AC840B50036E527 /* Build configuration list for PBXNativeTarget "Coffee Order" */;
			buildPhases = (
				FDAA97A32AC840B20036E527 /* Sources */,
				FDAA97A42AC840B20036E527 /* Frameworks */,
				FDAA97A52AC840B20036E527 /* Resources */,
			);
			buildRules = (
			);
			dependencies = (
			);
			name = "Coffee Order";
			productName = "Coffee Order";
			productReference = FDAA97A72AC840B20036E527 /* Coffee Order.app */;
			productType = "com.apple.product-type.application";
		};
/* End PBXNativeTarget section */

/* Begin PBXProject section */
		FDAA979F2AC840B20036E527 /* Project object */ = {
			isa = PBXProject;
			attributes = {
				BuildIndependentTargetsInParallel = 1;
				LastSwiftUpdateCheck = 1420;
				LastUpgradeCheck = 1420;
				TargetAttributes = {
					FD16DDDF2AC9750E006EF27C = {
						CreatedOnToolsVersion = 14.2;
						TestTargetID = FDAA97A62AC840B20036E527;
					};
					FDAA97A62AC840B20036E527 = {
						CreatedOnToolsVersion = 14.2;
					};
				};
			};
			buildConfigurationList = FDAA97A22AC840B20036E527 /* Build configuration list for PBXProject "Coffee Order" */;
			compatibilityVersion = "Xcode 14.0";
			developmentRegion = en;
			hasScannedForEncodings = 0;
			knownRegions = (
				en,
				Base,
			);
			mainGroup = FDAA979E2AC840B20036E527;
			productRefGroup = FDAA97A82AC840B20036E527 /* Products */;
			projectDirPath = "";
			projectRoot = "";
			targets = (
				FDAA97A62AC840B20036E527 /* Coffee Order */,
				FD16DDDF2AC9750E006EF27C /* CoffeeOrderE2ETests */,
			);
		};
/* End PBXProject section */

/* Begin PBXResourcesBuildPhase section */
		FD16DDDE2AC9750E006EF27C /* Resources */ = {
			isa = PBXResourcesBuildPhase;
			buildActionMask = 2147483647;
			files = (
			);
			runOnlyForDeploymentPostprocessing = 0;
		};
		FDAA97A52AC840B20036E527 /* Resources */ = {
			isa = PBXResourcesBuildPhase;
			buildActionMask = 2147483647;
			files = (
				FDAA97B22AC840B50036E527 /* Preview Assets.xcassets in Resources */,
				FDAA97AF2AC840B50036E527 /* Assets.xcassets in Resources */,
			);
			runOnlyForDeploymentPostprocessing = 0;
		};
/* End PBXResourcesBuildPhase section */

/* Begin PBXSourcesBuildPhase section */
		FD16DDDC2AC9750E006EF27C /* Sources */ = {
			isa = PBXSourcesBuildPhase;
			buildActionMask = 2147483647;
			files = (
				FD16DDE32AC9750F006EF27C /* CoffeeOrderE2ETests.swift in Sources */,
			);
			runOnlyForDeploymentPostprocessing = 0;
		};
		FDAA97A32AC840B20036E527 /* Sources */ = {
			isa = PBXSourcesBuildPhase;
			buildActionMask = 2147483647;
			files = (
				FDAA97AD2AC840B20036E527 /* ContentView.swift in Sources */,
				FDC4541A2AC9869100A03B88 /* String+Extensions.swift in Sources */,
				FDBD5C122ACAC8DB009FD841 /* OrderDetailView.swift in Sources */,
				FDAA97C52AC84E890036E527 /* OrderCellView.swift in Sources */,
				FDAA97BF2AC844B40036E527 /* CoffeeModel.swift in Sources */,
				FDAA97C22AC84D620036E527 /* NumberFormatter+Extensions.swift in Sources */,
				FDC454162AC9801200A03B88 /* AddCoffeeView.swift in Sources */,
				FDAA97AB2AC840B20036E527 /* Coffee_OrderApp.swift in Sources */,
				FDAA97C82AC84FBB0036E527 /* AppEnvironment.swift in Sources */,
				FDAA97BD2AC8414F0036E527 /* Order.swift in Sources */,
				FDC454182AC9826F00A03B88 /* View+Extensions.swift in Sources */,
				FDAA97BA2AC840FC0036E527 /* Webservice.swift in Sources */,
			);
			runOnlyForDeploymentPostprocessing = 0;
		};
/* End PBXSourcesBuildPhase section */

/* Begin PBXTargetDependency section */
		FD16DDE72AC9750F006EF27C /* PBXTargetDependency */ = {
			isa = PBXTargetDependency;
			target = FDAA97A62AC840B20036E527 /* Coffee Order */;
			targetProxy = FD16DDE62AC9750F006EF27C /* PBXContainerItemProxy */;
		};
/* End PBXTargetDependency section */

/* Begin XCBuildConfiguration section */
		FD16DDE82AC9750F006EF27C /* Debug */ = {
			isa = XCBuildConfiguration;
			buildSettings = {
				CODE_SIGN_STYLE = Automatic;
				CURRENT_PROJECT_VERSION = 1;
				DEVELOPMENT_TEAM = XP6V4T4UU6;
				GENERATE_INFOPLIST_FILE = YES;
				MARKETING_VERSION = 1.0;
				PRODUCT_BUNDLE_IDENTIFIER = com.blacenova.CoffeeOrderE2ETests;
				PRODUCT_NAME = "$(TARGET_NAME)";
				SWIFT_EMIT_LOC_STRINGS = NO;
				SWIFT_VERSION = 5.0;
				TARGETED_DEVICE_FAMILY = "1,2";
				TEST_TARGET_NAME = "Coffee Order";
			};
			name = Debug;
		};
		FD16DDE92AC9750F006EF27C /* Release */ = {
			isa = XCBuildConfiguration;
			buildSettings = {
				CODE_SIGN_STYLE = Automatic;
				CURRENT_PROJECT_VERSION = 1;
				DEVELOPMENT_TEAM = XP6V4T4UU6;
				GENERATE_INFOPLIST_FILE = YES;
				MARKETING_VERSION = 1.0;
				PRODUCT_BUNDLE_IDENTIFIER = com.blacenova.CoffeeOrderE2ETests;
				PRODUCT_NAME = "$(TARGET_NAME)";
				SWIFT_EMIT_LOC_STRINGS = NO;
				SWIFT_VERSION = 5.0;
				TARGETED_DEVICE_FAMILY = "1,2";
				TEST_TARGET_NAME = "Coffee Order";
			};
			name = Release;
		};
		FDAA97B32AC840B50036E527 /* Debug */ = {
			isa = XCBuildConfiguration;
			buildSettings = {
				ALWAYS_SEARCH_USER_PATHS = NO;
				CLANG_ANALYZER_NONNULL = YES;
				CLANG_ANALYZER_NUMBER_OBJECT_CONVERSION = YES_AGGRESSIVE;
				CLANG_CXX_LANGUAGE_STANDARD = "gnu++20";
				CLANG_ENABLE_MODULES = YES;
				CLANG_ENABLE_OBJC_ARC = YES;
				CLANG_ENABLE_OBJC_WEAK = YES;
				CLANG_WARN_BLOCK_CAPTURE_AUTORELEASING = YES;
				CLANG_WARN_BOOL_CONVERSION = YES;
				CLANG_WARN_COMMA = YES;
				CLANG_WARN_CONSTANT_CONVERSION = YES;
				CLANG_WARN_DEPRECATED_OBJC_IMPLEMENTATIONS = YES;
				CLANG_WARN_DIRECT_OBJC_ISA_USAGE = YES_ERROR;
				CLANG_WARN_DOCUMENTATION_COMMENTS = YES;
				CLANG_WARN_EMPTY_BODY = YES;
				CLANG_WARN_ENUM_CONVERSION = YES;
				CLANG_WARN_INFINITE_RECURSION = YES;
				CLANG_WARN_INT_CONVERSION = YES;
				CLANG_WARN_NON_LITERAL_NULL_CONVERSION = YES;
				CLANG_WARN_OBJC_IMPLICIT_RETAIN_SELF = YES;
				CLANG_WARN_OBJC_LITERAL_CONVERSION = YES;
				CLANG_WARN_OBJC_ROOT_CLASS = YES_ERROR;
				CLANG_WARN_QUOTED_INCLUDE_IN_FRAMEWORK_HEADER = YES;
				CLANG_WARN_RANGE_LOOP_ANALYSIS = YES;
				CLANG_WARN_STRICT_PROTOTYPES = YES;
				CLANG_WARN_SUSPICIOUS_MOVE = YES;
				CLANG_WARN_UNGUARDED_AVAILABILITY = YES_AGGRESSIVE;
				CLANG_WARN_UNREACHABLE_CODE = YES;
				CLANG_WARN__DUPLICATE_METHOD_MATCH = YES;
				COPY_PHASE_STRIP = NO;
				DEBUG_INFORMATION_FORMAT = dwarf;
				ENABLE_STRICT_OBJC_MSGSEND = YES;
				ENABLE_TESTABILITY = YES;
				GCC_C_LANGUAGE_STANDARD = gnu11;
				GCC_DYNAMIC_NO_PIC = NO;
				GCC_NO_COMMON_BLOCKS = YES;
				GCC_OPTIMIZATION_LEVEL = 0;
				GCC_PREPROCESSOR_DEFINITIONS = (
					"DEBUG=1",
					"$(inherited)",
				);
				GCC_WARN_64_TO_32_BIT_CONVERSION = YES;
				GCC_WARN_ABOUT_RETURN_TYPE = YES_ERROR;
				GCC_WARN_UNDECLARED_SELECTOR = YES;
				GCC_WARN_UNINITIALIZED_AUTOS = YES_AGGRESSIVE;
				GCC_WARN_UNUSED_FUNCTION = YES;
				GCC_WARN_UNUSED_VARIABLE = YES;
				IPHONEOS_DEPLOYMENT_TARGET = 16.2;
				MTL_ENABLE_DEBUG_INFO = INCLUDE_SOURCE;
				MTL_FAST_MATH = YES;
				ONLY_ACTIVE_ARCH = YES;
				SDKROOT = iphoneos;
				SWIFT_ACTIVE_COMPILATION_CONDITIONS = DEBUG;
				SWIFT_OPTIMIZATION_LEVEL = "-Onone";
			};
			name = Debug;
		};
		FDAA97B42AC840B50036E527 /* Release */ = {
			isa = XCBuildConfiguration;
			buildSettings = {
				ALWAYS_SEARCH_USER_PATHS = NO;
				CLANG_ANALYZER_NONNULL = YES;
				CLANG_ANALYZER_NUMBER_OBJECT_CONVERSION = YES_AGGRESSIVE;
				CLANG_CXX_LANGUAGE_STANDARD = "gnu++20";
				CLANG_ENABLE_MODULES = YES;
				CLANG_ENABLE_OBJC_ARC = YES;
				CLANG_ENABLE_OBJC_WEAK = YES;
				CLANG_WARN_BLOCK_CAPTURE_AUTORELEASING = YES;
				CLANG_WARN_BOOL_CONVERSION = YES;
				CLANG_WARN_COMMA = YES;
				CLANG_WARN_CONSTANT_CONVERSION = YES;
				CLANG_WARN_DEPRECATED_OBJC_IMPLEMENTATIONS = YES;
				CLANG_WARN_DIRECT_OBJC_ISA_USAGE = YES_ERROR;
				CLANG_WARN_DOCUMENTATION_COMMENTS = YES;
				CLANG_WARN_EMPTY_BODY = YES;
				CLANG_WARN_ENUM_CONVERSION = YES;
				CLANG_WARN_INFINITE_RECURSION = YES;
				CLANG_WARN_INT_CONVERSION = YES;
				CLANG_WARN_NON_LITERAL_NULL_CONVERSION = YES;
				CLANG_WARN_OBJC_IMPLICIT_RETAIN_SELF = YES;
				CLANG_WARN_OBJC_LITERAL_CONVERSION = YES;
				CLANG_WARN_OBJC_ROOT_CLASS = YES_ERROR;
				CLANG_WARN_QUOTED_INCLUDE_IN_FRAMEWORK_HEADER = YES;
				CLANG_WARN_RANGE_LOOP_ANALYSIS = YES;
				CLANG_WARN_STRICT_PROTOTYPES = YES;
				CLANG_WARN_SUSPICIOUS_MOVE = YES;
				CLANG_WARN_UNGUARDED_AVAILABILITY = YES_AGGRESSIVE;
				CLANG_WARN_UNREACHABLE_CODE = YES;
				CLANG_WARN__DUPLICATE_METHOD_MATCH = YES;
				COPY_PHASE_STRIP = NO;
				DEBUG_INFORMATION_FORMAT = "dwarf-with-dsym";
				ENABLE_NS_ASSERTIONS = NO;
				ENABLE_STRICT_OBJC_MSGSEND = YES;
				GCC_C_LANGUAGE_STANDARD = gnu11;
				GCC_NO_COMMON_BLOCKS = YES;
				GCC_WARN_64_TO_32_BIT_CONVERSION = YES;
				GCC_WARN_ABOUT_RETURN_TYPE = YES_ERROR;
				GCC_WARN_UNDECLARED_SELECTOR = YES;
				GCC_WARN_UNINITIALIZED_AUTOS = YES_AGGRESSIVE;
				GCC_WARN_UNUSED_FUNCTION = YES;
				GCC_WARN_UNUSED_VARIABLE = YES;
				IPHONEOS_DEPLOYMENT_TARGET = 16.2;
				MTL_ENABLE_DEBUG_INFO = NO;
				MTL_FAST_MATH = YES;
				SDKROOT = iphoneos;
				SWIFT_COMPILATION_MODE = wholemodule;
				SWIFT_OPTIMIZATION_LEVEL = "-O";
				VALIDATE_PRODUCT = YES;
			};
			name = Release;
		};
		FDAA97B62AC840B50036E527 /* Debug */ = {
			isa = XCBuildConfiguration;
			buildSettings = {
				ASSETCATALOG_COMPILER_APPICON_NAME = AppIcon;
				ASSETCATALOG_COMPILER_GLOBAL_ACCENT_COLOR_NAME = AccentColor;
				CODE_SIGN_STYLE = Automatic;
				CURRENT_PROJECT_VERSION = 1;
				DEVELOPMENT_ASSET_PATHS = "\"Coffee Order/Preview Content\"";
				DEVELOPMENT_TEAM = XP6V4T4UU6;
				ENABLE_PREVIEWS = YES;
				GENERATE_INFOPLIST_FILE = YES;
				INFOPLIST_KEY_UIApplicationSceneManifest_Generation = YES;
				INFOPLIST_KEY_UIApplicationSupportsIndirectInputEvents = YES;
				INFOPLIST_KEY_UILaunchScreen_Generation = YES;
				INFOPLIST_KEY_UISupportedInterfaceOrientations_iPad = "UIInterfaceOrientationPortrait UIInterfaceOrientationPortraitUpsideDown UIInterfaceOrientationLandscapeLeft UIInterfaceOrientationLandscapeRight";
				INFOPLIST_KEY_UISupportedInterfaceOrientations_iPhone = "UIInterfaceOrientationPortrait UIInterfaceOrientationLandscapeLeft UIInterfaceOrientationLandscapeRight";
				LD_RUNPATH_SEARCH_PATHS = (
					"$(inherited)",
					"@executable_path/Frameworks",
				);
				MARKETING_VERSION = 1.0;
				PRODUCT_BUNDLE_IDENTIFIER = "com.blacenova.Coffee-Order";
				PRODUCT_NAME = "$(TARGET_NAME)";
				SWIFT_EMIT_LOC_STRINGS = YES;
				SWIFT_VERSION = 5.0;
				TARGETED_DEVICE_FAMILY = "1,2";
			};
			name = Debug;
		};
		FDAA97B72AC840B50036E527 /* Release */ = {
			isa = XCBuildConfiguration;
			buildSettings = {
				ASSETCATALOG_COMPILER_APPICON_NAME = AppIcon;
				ASSETCATALOG_COMPILER_GLOBAL_ACCENT_COLOR_NAME = AccentColor;
				CODE_SIGN_STYLE = Automatic;
				CURRENT_PROJECT_VERSION = 1;
				DEVELOPMENT_ASSET_PATHS = "\"Coffee Order/Preview Content\"";
				DEVELOPMENT_TEAM = XP6V4T4UU6;
				ENABLE_PREVIEWS = YES;
				GENERATE_INFOPLIST_FILE = YES;
				INFOPLIST_KEY_UIApplicationSceneManifest_Generation = YES;
				INFOPLIST_KEY_UIApplicationSupportsIndirectInputEvents = YES;
				INFOPLIST_KEY_UILaunchScreen_Generation = YES;
				INFOPLIST_KEY_UISupportedInterfaceOrientations_iPad = "UIInterfaceOrientationPortrait UIInterfaceOrientationPortraitUpsideDown UIInterfaceOrientationLandscapeLeft UIInterfaceOrientationLandscapeRight";
				INFOPLIST_KEY_UISupportedInterfaceOrientations_iPhone = "UIInterfaceOrientationPortrait UIInterfaceOrientationLandscapeLeft UIInterfaceOrientationLandscapeRight";
				LD_RUNPATH_SEARCH_PATHS = (
					"$(inherited)",
					"@executable_path/Frameworks",
				);
				MARKETING_VERSION = 1.0;
				PRODUCT_BUNDLE_IDENTIFIER = "com.blacenova.Coffee-Order";
				PRODUCT_NAME = "$(TARGET_NAME)";
				SWIFT_EMIT_LOC_STRINGS = YES;
				SWIFT_VERSION = 5.0;
				TARGETED_DEVICE_FAMILY = "1,2";
			};
			name = Release;
		};
/* End XCBuildConfiguration section */

/* Begin XCConfigurationList section */
		FD16DDEA2AC9750F006EF27C /* Build configuration list for PBXNativeTarget "CoffeeOrderE2ETests" */ = {
			isa = XCConfigurationList;
			buildConfigurations = (
				FD16DDE82AC9750F006EF27C /* Debug */,
				FD16DDE92AC9750F006EF27C /* Release */,
			);
			defaultConfigurationIsVisible = 0;
			defaultConfigurationName = Release;
		};
		FDAA97A22AC840B20036E527 /* Build configuration list for PBXProject "Coffee Order" */ = {
			isa = XCConfigurationList;
			buildConfigurations = (
				FDAA97B32AC840B50036E527 /* Debug */,
				FDAA97B42AC840B50036E527 /* Release */,
			);
			defaultConfigurationIsVisible = 0;
			defaultConfigurationName = Release;
		};
		FDAA97B52AC840B50036E527 /* Build configuration list for PBXNativeTarget "Coffee Order" */ = {
			isa = XCConfigurationList;
			buildConfigurations = (
				FDAA97B62AC840B50036E527 /* Debug */,
				FDAA97B72AC840B50036E527 /* Release */,
			);
			defaultConfigurationIsVisible = 0;
			defaultConfigurationName = Release;
		};
/* End XCConfigurationList section */
	};
	rootObject = FDAA979F2AC840B20036E527 /* Project object */;
}
