// !$*UTF8*$!
{
	archiveVersion = 1;
	classes = {
	};
	objectVersion = 56;
	objects = {

/* Begin PBXBuildFile section */
		FD8BB9222AC31AAE00C1BE53 /* MVExampleApp.swift in Sources */ = {isa = PBXBuildFile; fileRef = FD8BB9212AC31AAE00C1BE53 /* MVExampleApp.swift */; };
		FD8BB9242AC31AAE00C1BE53 /* ContentView.swift in Sources */ = {isa = PBXBuildFile; fileRef = FD8BB9232AC31AAE00C1BE53 /* ContentView.swift */; };
		FD8BB9262AC31AB100C1BE53 /* Assets.xcassets in Resources */ = {isa = PBXBuildFile; fileRef = FD8BB9252AC31AB100C1BE53 /* Assets.xcassets */; };
		FD8BB9292AC31AB100C1BE53 /* Preview Assets.xcassets in Resources */ = {isa = PBXBuildFile; fileRef = FD8BB9282AC31AB100C1BE53 /* Preview Assets.xcassets */; };
		FD8BB9312AC31AE900C1BE53 /* StoreModel.swift in Sources */ = {isa = PBXBuildFile; fileRef = FD8BB9302AC31AE900C1BE53 /* StoreModel.swift */; };
		FD8BB9332AC31BFE00C1BE53 /* Product.swift in Sources */ = {isa = PBXBuildFile; fileRef = FD8BB9322AC31BFE00C1BE53 /* Product.swift */; };
		FD8BB9362AC31CB500C1BE53 /* Webservice.swift in Sources */ = {isa = PBXBuildFile; fileRef = FD8BB9352AC31CB500C1BE53 /* Webservice.swift */; };
		FD8BB9392AC321BA00C1BE53 /* NumberFormatter+Extensions.swift in Sources */ = {isa = PBXBuildFile; fileRef = FD8BB9382AC321BA00C1BE53 /* NumberFormatter+Extensions.swift */; };
/* End PBXBuildFile section */

/* Begin PBXFileReference section */
		FD8BB91E2AC31AAE00C1BE53 /* MVExample.app */ = {isa = PBXFileReference; explicitFileType = wrapper.application; includeInIndex = 0; path = MVExample.app; sourceTree = BUILT_PRODUCTS_DIR; };
		FD8BB9212AC31AAE00C1BE53 /* MVExampleApp.swift */ = {isa = PBXFileReference; lastKnownFileType = sourcecode.swift; path = MVExampleApp.swift; sourceTree = "<group>"; };
		FD8BB9232AC31AAE00C1BE53 /* ContentView.swift */ = {isa = PBXFileReference; lastKnownFileType = sourcecode.swift; path = ContentView.swift; sourceTree = "<group>"; };
		FD8BB9252AC31AB100C1BE53 /* Assets.xcassets */ = {isa = PBXFileReference; lastKnownFileType = folder.assetcatalog; path = Assets.xcassets; sourceTree = "<group>"; };
		FD8BB9282AC31AB100C1BE53 /* Preview Assets.xcassets */ = {isa = PBXFileReference; lastKnownFileType = folder.assetcatalog; path = "Preview Assets.xcassets"; sourceTree = "<group>"; };
		FD8BB9302AC31AE900C1BE53 /* StoreModel.swift */ = {isa = PBXFileReference; lastKnownFileType = sourcecode.swift; path = StoreModel.swift; sourceTree = "<group>"; };
		FD8BB9322AC31BFE00C1BE53 /* Product.swift */ = {isa = PBXFileReference; lastKnownFileType = sourcecode.swift; path = Product.swift; sourceTree = "<group>"; };
		FD8BB9352AC31CB500C1BE53 /* Webservice.swift */ = {isa = PBXFileReference; lastKnownFileType = sourcecode.swift; path = Webservice.swift; sourceTree = "<group>"; };
		FD8BB9382AC321BA00C1BE53 /* NumberFormatter+Extensions.swift */ = {isa = PBXFileReference; lastKnownFileType = sourcecode.swift; path = "NumberFormatter+Extensions.swift"; sourceTree = "<group>"; };
/* End PBXFileReference section */

/* Begin PBXFrameworksBuildPhase section */
		FD8BB91B2AC31AAE00C1BE53 /* Frameworks */ = {
			isa = PBXFrameworksBuildPhase;
			buildActionMask = 2147483647;
			files = (
			);
			runOnlyForDeploymentPostprocessing = 0;
		};
/* End PBXFrameworksBuildPhase section */

/* Begin PBXGroup section */
		FD8BB9152AC31AAE00C1BE53 = {
			isa = PBXGroup;
			children = (
				FD8BB9202AC31AAE00C1BE53 /* MVExample */,
				FD8BB91F2AC31AAE00C1BE53 /* Products */,
			);
			sourceTree = "<group>";
		};
		FD8BB91F2AC31AAE00C1BE53 /* Products */ = {
			isa = PBXGroup;
			children = (
				FD8BB91E2AC31AAE00C1BE53 /* MVExample.app */,
			);
			name = Products;
			sourceTree = "<group>";
		};
		FD8BB9202AC31AAE00C1BE53 /* MVExample */ = {
			isa = PBXGroup;
			children = (
				FD8BB9212AC31AAE00C1BE53 /* MVExampleApp.swift */,
				FD8BB9232AC31AAE00C1BE53 /* ContentView.swift */,
				FD8BB9372AC3219E00C1BE53 /* Extensions */,
				FD8BB9342AC31CA600C1BE53 /* Services */,
				FD8BB92F2AC31AD800C1BE53 /* Models */,
				FD8BB9252AC31AB100C1BE53 /* Assets.xcassets */,
				FD8BB9272AC31AB100C1BE53 /* Preview Content */,
			);
			path = MVExample;
			sourceTree = "<group>";
		};
		FD8BB9272AC31AB100C1BE53 /* Preview Content */ = {
			isa = PBXGroup;
			children = (
				FD8BB9282AC31AB100C1BE53 /* Preview Assets.xcassets */,
			);
			path = "Preview Content";
			sourceTree = "<group>";
		};
		FD8BB92F2AC31AD800C1BE53 /* Models */ = {
			isa = PBXGroup;
			children = (
				FD8BB9302AC31AE900C1BE53 /* StoreModel.swift */,
				FD8BB9322AC31BFE00C1BE53 /* Product.swift */,
			);
			path = Models;
			sourceTree = "<group>";
		};
		FD8BB9342AC31CA600C1BE53 /* Services */ = {
			isa = PBXGroup;
			children = (
				FD8BB9352AC31CB500C1BE53 /* Webservice.swift */,
			);
			path = Services;
			sourceTree = "<group>";
		};
		FD8BB9372AC3219E00C1BE53 /* Extensions */ = {
			isa = PBXGroup;
			children = (
				FD8BB9382AC321BA00C1BE53 /* NumberFormatter+Extensions.swift */,
			);
			path = Extensions;
			sourceTree = "<group>";
		};
/* End PBXGroup section */

/* Begin PBXNativeTarget section */
		FD8BB91D2AC31AAE00C1BE53 /* MVExample */ = {
			isa = PBXNativeTarget;
			buildConfigurationList = FD8BB92C2AC31AB100C1BE53 /* Build configuration list for PBXNativeTarget "MVExample" */;
			buildPhases = (
				FD8BB91A2AC31AAE00C1BE53 /* Sources */,
				FD8BB91B2AC31AAE00C1BE53 /* Frameworks */,
				FD8BB91C2AC31AAE00C1BE53 /* Resources */,
			);
			buildRules = (
			);
			dependencies = (
			);
			name = MVExample;
			productName = MVExample;
			productReference = FD8BB91E2AC31AAE00C1BE53 /* MVExample.app */;
			productType = "com.apple.product-type.application";
		};
/* End PBXNativeTarget section */

/* Begin PBXProject section */
		FD8BB9162AC31AAE00C1BE53 /* Project object */ = {
			isa = PBXProject;
			attributes = {
				BuildIndependentTargetsInParallel = 1;
				LastSwiftUpdateCheck = 1420;
				LastUpgradeCheck = 1420;
				TargetAttributes = {
					FD8BB91D2AC31AAE00C1BE53 = {
						CreatedOnToolsVersion = 14.2;
					};
				};
			};
			buildConfigurationList = FD8BB9192AC31AAE00C1BE53 /* Build configuration list for PBXProject "MVExample" */;
			compatibilityVersion = "Xcode 14.0";
			developmentRegion = en;
			hasScannedForEncodings = 0;
			knownRegions = (
				en,
				Base,
			);
			mainGroup = FD8BB9152AC31AAE00C1BE53;
			productRefGroup = FD8BB91F2AC31AAE00C1BE53 /* Products */;
			projectDirPath = "";
			projectRoot = "";
			targets = (
				FD8BB91D2AC31AAE00C1BE53 /* MVExample */,
			);
		};
/* End PBXProject section */

/* Begin PBXResourcesBuildPhase section */
		FD8BB91C2AC31AAE00C1BE53 /* Resources */ = {
			isa = PBXResourcesBuildPhase;
			buildActionMask = 2147483647;
			files = (
				FD8BB9292AC31AB100C1BE53 /* Preview Assets.xcassets in Resources */,
				FD8BB9262AC31AB100C1BE53 /* Assets.xcassets in Resources */,
			);
			runOnlyForDeploymentPostprocessing = 0;
		};
/* End PBXResourcesBuildPhase section */

/* Begin PBXSourcesBuildPhase section */
		FD8BB91A2AC31AAE00C1BE53 /* Sources */ = {
			isa = PBXSourcesBuildPhase;
			buildActionMask = 2147483647;
			files = (
				FD8BB9242AC31AAE00C1BE53 /* ContentView.swift in Sources */,
				FD8BB9332AC31BFE00C1BE53 /* Product.swift in Sources */,
				FD8BB9392AC321BA00C1BE53 /* NumberFormatter+Extensions.swift in Sources */,
				FD8BB9222AC31AAE00C1BE53 /* MVExampleApp.swift in Sources */,
				FD8BB9362AC31CB500C1BE53 /* Webservice.swift in Sources */,
				FD8BB9312AC31AE900C1BE53 /* StoreModel.swift in Sources */,
			);
			runOnlyForDeploymentPostprocessing = 0;
		};
/* End PBXSourcesBuildPhase section */

/* Begin XCBuildConfiguration section */
		FD8BB92A2AC31AB100C1BE53 /* Debug */ = {
			isa = XCBuildConfiguration;
			buildSettings = {
				ALWAYS_SEARCH_USER_PATHS = NO;
				CLANG_ANALYZER_NONNULL = YES;
				CLANG_ANALYZER_NUMBER_OBJECT_CONVERSION = YES_AGGRESSIVE;
				CLANG_CXX_LANGUAGE_STANDARD = "gnu++20";
				CLANG_ENABLE_MODULES = YES;
				CLANG_ENABLE_OBJC_ARC = YES;
				CLANG_ENABLE_OBJC_WEAK = YES;
				CLANG_WARN_BLOCK_CAPTURE_AUTORELEASING = YES;
				CLANG_WARN_BOOL_CONVERSION = YES;
				CLANG_WARN_COMMA = YES;
				CLANG_WARN_CONSTANT_CONVERSION = YES;
				CLANG_WARN_DEPRECATED_OBJC_IMPLEMENTATIONS = YES;
				CLANG_WARN_DIRECT_OBJC_ISA_USAGE = YES_ERROR;
				CLANG_WARN_DOCUMENTATION_COMMENTS = YES;
				CLANG_WARN_EMPTY_BODY = YES;
				CLANG_WARN_ENUM_CONVERSION = YES;
				CLANG_WARN_INFINITE_RECURSION = YES;
				CLANG_WARN_INT_CONVERSION = YES;
				CLANG_WARN_NON_LITERAL_NULL_CONVERSION = YES;
				CLANG_WARN_OBJC_IMPLICIT_RETAIN_SELF = YES;
				CLANG_WARN_OBJC_LITERAL_CONVERSION = YES;
				CLANG_WARN_OBJC_ROOT_CLASS = YES_ERROR;
				CLANG_WARN_QUOTED_INCLUDE_IN_FRAMEWORK_HEADER = YES;
				CLANG_WARN_RANGE_LOOP_ANALYSIS = YES;
				CLANG_WARN_STRICT_PROTOTYPES = YES;
				CLANG_WARN_SUSPICIOUS_MOVE = YES;
				CLANG_WARN_UNGUARDED_AVAILABILITY = YES_AGGRESSIVE;
				CLANG_WARN_UNREACHABLE_CODE = YES;
				CLANG_WARN__DUPLICATE_METHOD_MATCH = YES;
				COPY_PHASE_STRIP = NO;
				DEBUG_INFORMATION_FORMAT = dwarf;
				ENABLE_STRICT_OBJC_MSGSEND = YES;
				ENABLE_TESTABILITY = YES;
				GCC_C_LANGUAGE_STANDARD = gnu11;
				GCC_DYNAMIC_NO_PIC = NO;
				GCC_NO_COMMON_BLOCKS = YES;
				GCC_OPTIMIZATION_LEVEL = 0;
				GCC_PREPROCESSOR_DEFINITIONS = (
					"DEBUG=1",
					"$(inherited)",
				);
				GCC_WARN_64_TO_32_BIT_CONVERSION = YES;
				GCC_WARN_ABOUT_RETURN_TYPE = YES_ERROR;
				GCC_WARN_UNDECLARED_SELECTOR = YES;
				GCC_WARN_UNINITIALIZED_AUTOS = YES_AGGRESSIVE;
				GCC_WARN_UNUSED_FUNCTION = YES;
				GCC_WARN_UNUSED_VARIABLE = YES;
				IPHONEOS_DEPLOYMENT_TARGET = 16.2;
				MTL_ENABLE_DEBUG_INFO = INCLUDE_SOURCE;
				MTL_FAST_MATH = YES;
				ONLY_ACTIVE_ARCH = YES;
				SDKROOT = iphoneos;
				SWIFT_ACTIVE_COMPILATION_CONDITIONS = DEBUG;
				SWIFT_OPTIMIZATION_LEVEL = "-Onone";
			};
			name = Debug;
		};
		FD8BB92B2AC31AB100C1BE53 /* Release */ = {
			isa = XCBuildConfiguration;
			buildSettings = {
				ALWAYS_SEARCH_USER_PATHS = NO;
				CLANG_ANALYZER_NONNULL = YES;
				CLANG_ANALYZER_NUMBER_OBJECT_CONVERSION = YES_AGGRESSIVE;
				CLANG_CXX_LANGUAGE_STANDARD = "gnu++20";
				CLANG_ENABLE_MODULES = YES;
				CLANG_ENABLE_OBJC_ARC = YES;
				CLANG_ENABLE_OBJC_WEAK = YES;
				CLANG_WARN_BLOCK_CAPTURE_AUTORELEASING = YES;
				CLANG_WARN_BOOL_CONVERSION = YES;
				CLANG_WARN_COMMA = YES;
				CLANG_WARN_CONSTANT_CONVERSION = YES;
				CLANG_WARN_DEPRECATED_OBJC_IMPLEMENTATIONS = YES;
				CLANG_WARN_DIRECT_OBJC_ISA_USAGE = YES_ERROR;
				CLANG_WARN_DOCUMENTATION_COMMENTS = YES;
				CLANG_WARN_EMPTY_BODY = YES;
				CLANG_WARN_ENUM_CONVERSION = YES;
				CLANG_WARN_INFINITE_RECURSION = YES;
				CLANG_WARN_INT_CONVERSION = YES;
				CLANG_WARN_NON_LITERAL_NULL_CONVERSION = YES;
				CLANG_WARN_OBJC_IMPLICIT_RETAIN_SELF = YES;
				CLANG_WARN_OBJC_LITERAL_CONVERSION = YES;
				CLANG_WARN_OBJC_ROOT_CLASS = YES_ERROR;
				CLANG_WARN_QUOTED_INCLUDE_IN_FRAMEWORK_HEADER = YES;
				CLANG_WARN_RANGE_LOOP_ANALYSIS = YES;
				CLANG_WARN_STRICT_PROTOTYPES = YES;
				CLANG_WARN_SUSPICIOUS_MOVE = YES;
				CLANG_WARN_UNGUARDED_AVAILABILITY = YES_AGGRESSIVE;
				CLANG_WARN_UNREACHABLE_CODE = YES;
				CLANG_WARN__DUPLICATE_METHOD_MATCH = YES;
				COPY_PHASE_STRIP = NO;
				DEBUG_INFORMATION_FORMAT = "dwarf-with-dsym";
				ENABLE_NS_ASSERTIONS = NO;
				ENABLE_STRICT_OBJC_MSGSEND = YES;
				GCC_C_LANGUAGE_STANDARD = gnu11;
				GCC_NO_COMMON_BLOCKS = YES;
				GCC_WARN_64_TO_32_BIT_CONVERSION = YES;
				GCC_WARN_ABOUT_RETURN_TYPE = YES_ERROR;
				GCC_WARN_UNDECLARED_SELECTOR = YES;
				GCC_WARN_UNINITIALIZED_AUTOS = YES_AGGRESSIVE;
				GCC_WARN_UNUSED_FUNCTION = YES;
				GCC_WARN_UNUSED_VARIABLE = YES;
				IPHONEOS_DEPLOYMENT_TARGET = 16.2;
				MTL_ENABLE_DEBUG_INFO = NO;
				MTL_FAST_MATH = YES;
				SDKROOT = iphoneos;
				SWIFT_COMPILATION_MODE = wholemodule;
				SWIFT_OPTIMIZATION_LEVEL = "-O";
				VALIDATE_PRODUCT = YES;
			};
			name = Release;
		};
		FD8BB92D2AC31AB100C1BE53 /* Debug */ = {
			isa = XCBuildConfiguration;
			buildSettings = {
				ASSETCATALOG_COMPILER_APPICON_NAME = AppIcon;
				ASSETCATALOG_COMPILER_GLOBAL_ACCENT_COLOR_NAME = AccentColor;
				CODE_SIGN_STYLE = Automatic;
				CURRENT_PROJECT_VERSION = 1;
				DEVELOPMENT_ASSET_PATHS = "\"MVExample/Preview Content\"";
				DEVELOPMENT_TEAM = XP6V4T4UU6;
				ENABLE_PREVIEWS = YES;
				GENERATE_INFOPLIST_FILE = YES;
				INFOPLIST_KEY_UIApplicationSceneManifest_Generation = YES;
				INFOPLIST_KEY_UIApplicationSupportsIndirectInputEvents = YES;
				INFOPLIST_KEY_UILaunchScreen_Generation = YES;
				INFOPLIST_KEY_UISupportedInterfaceOrientations_iPad = "UIInterfaceOrientationPortrait UIInterfaceOrientationPortraitUpsideDown UIInterfaceOrientationLandscapeLeft UIInterfaceOrientationLandscapeRight";
				INFOPLIST_KEY_UISupportedInterfaceOrientations_iPhone = "UIInterfaceOrientationPortrait UIInterfaceOrientationLandscapeLeft UIInterfaceOrientationLandscapeRight";
				LD_RUNPATH_SEARCH_PATHS = (
					"$(inherited)",
					"@executable_path/Frameworks",
				);
				MARKETING_VERSION = 1.0;
				PRODUCT_BUNDLE_IDENTIFIER = com.blacenova.MVExample;
				PRODUCT_NAME = "$(TARGET_NAME)";
				SWIFT_EMIT_LOC_STRINGS = YES;
				SWIFT_VERSION = 5.0;
				TARGETED_DEVICE_FAMILY = "1,2";
			};
			name = Debug;
		};
		FD8BB92E2AC31AB100C1BE53 /* Release */ = {
			isa = XCBuildConfiguration;
			buildSettings = {
				ASSETCATALOG_COMPILER_APPICON_NAME = AppIcon;
				ASSETCATALOG_COMPILER_GLOBAL_ACCENT_COLOR_NAME = AccentColor;
				CODE_SIGN_STYLE = Automatic;
				CURRENT_PROJECT_VERSION = 1;
				DEVELOPMENT_ASSET_PATHS = "\"MVExample/Preview Content\"";
				DEVELOPMENT_TEAM = XP6V4T4UU6;
				ENABLE_PREVIEWS = YES;
				GENERATE_INFOPLIST_FILE = YES;
				INFOPLIST_KEY_UIApplicationSceneManifest_Generation = YES;
				INFOPLIST_KEY_UIApplicationSupportsIndirectInputEvents = YES;
				INFOPLIST_KEY_UILaunchScreen_Generation = YES;
				INFOPLIST_KEY_UISupportedInterfaceOrientations_iPad = "UIInterfaceOrientationPortrait UIInterfaceOrientationPortraitUpsideDown UIInterfaceOrientationLandscapeLeft UIInterfaceOrientationLandscapeRight";
				INFOPLIST_KEY_UISupportedInterfaceOrientations_iPhone = "UIInterfaceOrientationPortrait UIInterfaceOrientationLandscapeLeft UIInterfaceOrientationLandscapeRight";
				LD_RUNPATH_SEARCH_PATHS = (
					"$(inherited)",
					"@executable_path/Frameworks",
				);
				MARKETING_VERSION = 1.0;
				PRODUCT_BUNDLE_IDENTIFIER = com.blacenova.MVExample;
				PRODUCT_NAME = "$(TARGET_NAME)";
				SWIFT_EMIT_LOC_STRINGS = YES;
				SWIFT_VERSION = 5.0;
				TARGETED_DEVICE_FAMILY = "1,2";
			};
			name = Release;
		};
/* End XCBuildConfiguration section */

/* Begin XCConfigurationList section */
		FD8BB9192AC31AAE00C1BE53 /* Build configuration list for PBXProject "MVExample" */ = {
			isa = XCConfigurationList;
			buildConfigurations = (
				FD8BB92A2AC31AB100C1BE53 /* Debug */,
				FD8BB92B2AC31AB100C1BE53 /* Release */,
			);
			defaultConfigurationIsVisible = 0;
			defaultConfigurationName = Release;
		};
		FD8BB92C2AC31AB100C1BE53 /* Build configuration list for PBXNativeTarget "MVExample" */ = {
			isa = XCConfigurationList;
			buildConfigurations = (
				FD8BB92D2AC31AB100C1BE53 /* Debug */,
				FD8BB92E2AC31AB100C1BE53 /* Release */,
			);
			defaultConfigurationIsVisible = 0;
			defaultConfigurationName = Release;
		};
/* End XCConfigurationList section */
	};
	rootObject = FD8BB9162AC31AAE00C1BE53 /* Project object */;
}
