// !$*UTF8*$!
{
	archiveVersion = 1;
	classes = {
	};
	objectVersion = 56;
	objects = {

/* Begin PBXBuildFile section */
		FD1DF3132AC1C9ED00DF21A8 /* MVVMExampleApp.swift in Sources */ = {isa = PBXBuildFile; fileRef = FD1DF3122AC1C9ED00DF21A8 /* MVVMExampleApp.swift */; };
		FD1DF3152AC1C9ED00DF21A8 /* ContentView.swift in Sources */ = {isa = PBXBuildFile; fileRef = FD1DF3142AC1C9ED00DF21A8 /* ContentView.swift */; };
		FD1DF3172AC1C9F100DF21A8 /* Assets.xcassets in Resources */ = {isa = PBXBuildFile; fileRef = FD1DF3162AC1C9F100DF21A8 /* Assets.xcassets */; };
		FD1DF31A2AC1C9F100DF21A8 /* Preview Assets.xcassets in Resources */ = {isa = PBXBuildFile; fileRef = FD1DF3192AC1C9F100DF21A8 /* Preview Assets.xcassets */; };
		FD1DF3242AC1C9F200DF21A8 /* MVVMExampleTests.swift in Sources */ = {isa = PBXBuildFile; fileRef = FD1DF3232AC1C9F200DF21A8 /* MVVMExampleTests.swift */; };
		FD1DF32E2AC1C9F200DF21A8 /* MVVMExampleUITests.swift in Sources */ = {isa = PBXBuildFile; fileRef = FD1DF32D2AC1C9F200DF21A8 /* MVVMExampleUITests.swift */; };
		FD1DF3302AC1C9F200DF21A8 /* MVVMExampleUITestsLaunchTests.swift in Sources */ = {isa = PBXBuildFile; fileRef = FD1DF32F2AC1C9F200DF21A8 /* MVVMExampleUITestsLaunchTests.swift */; };
		FD1DF33E2AC1CA3600DF21A8 /* Product.swift in Sources */ = {isa = PBXBuildFile; fileRef = FD1DF33D2AC1CA3600DF21A8 /* Product.swift */; };
		FD1DF3412AC1CA7200DF21A8 /* Webservice.swift in Sources */ = {isa = PBXBuildFile; fileRef = FD1DF3402AC1CA7200DF21A8 /* Webservice.swift */; };
		FD1DF3442AC1CD2100DF21A8 /* ProductListVM.swift in Sources */ = {isa = PBXBuildFile; fileRef = FD1DF3432AC1CD2100DF21A8 /* ProductListVM.swift */; };
/* End PBXBuildFile section */

/* Begin PBXContainerItemProxy section */
		FD1DF3202AC1C9F200DF21A8 /* PBXContainerItemProxy */ = {
			isa = PBXContainerItemProxy;
			containerPortal = FD1DF3072AC1C9ED00DF21A8 /* Project object */;
			proxyType = 1;
			remoteGlobalIDString = FD1DF30E2AC1C9ED00DF21A8;
			remoteInfo = MVVMExample;
		};
		FD1DF32A2AC1C9F200DF21A8 /* PBXContainerItemProxy */ = {
			isa = PBXContainerItemProxy;
			containerPortal = FD1DF3072AC1C9ED00DF21A8 /* Project object */;
			proxyType = 1;
			remoteGlobalIDString = FD1DF30E2AC1C9ED00DF21A8;
			remoteInfo = MVVMExample;
		};
/* End PBXContainerItemProxy section */

/* Begin PBXFileReference section */
		FD1DF30F2AC1C9ED00DF21A8 /* MVVMExample.app */ = {isa = PBXFileReference; explicitFileType = wrapper.application; includeInIndex = 0; path = MVVMExample.app; sourceTree = BUILT_PRODUCTS_DIR; };
		FD1DF3122AC1C9ED00DF21A8 /* MVVMExampleApp.swift */ = {isa = PBXFileReference; lastKnownFileType = sourcecode.swift; path = MVVMExampleApp.swift; sourceTree = "<group>"; };
		FD1DF3142AC1C9ED00DF21A8 /* ContentView.swift */ = {isa = PBXFileReference; lastKnownFileType = sourcecode.swift; path = ContentView.swift; sourceTree = "<group>"; };
		FD1DF3162AC1C9F100DF21A8 /* Assets.xcassets */ = {isa = PBXFileReference; lastKnownFileType = folder.assetcatalog; path = Assets.xcassets; sourceTree = "<group>"; };
		FD1DF3192AC1C9F100DF21A8 /* Preview Assets.xcassets */ = {isa = PBXFileReference; lastKnownFileType = folder.assetcatalog; path = "Preview Assets.xcassets"; sourceTree = "<group>"; };
		FD1DF31F2AC1C9F200DF21A8 /* MVVMExampleTests.xctest */ = {isa = PBXFileReference; explicitFileType = wrapper.cfbundle; includeInIndex = 0; path = MVVMExampleTests.xctest; sourceTree = BUILT_PRODUCTS_DIR; };
		FD1DF3232AC1C9F200DF21A8 /* MVVMExampleTests.swift */ = {isa = PBXFileReference; lastKnownFileType = sourcecode.swift; path = MVVMExampleTests.swift; sourceTree = "<group>"; };
		FD1DF3292AC1C9F200DF21A8 /* MVVMExampleUITests.xctest */ = {isa = PBXFileReference; explicitFileType = wrapper.cfbundle; includeInIndex = 0; path = MVVMExampleUITests.xctest; sourceTree = BUILT_PRODUCTS_DIR; };
		FD1DF32D2AC1C9F200DF21A8 /* MVVMExampleUITests.swift */ = {isa = PBXFileReference; lastKnownFileType = sourcecode.swift; path = MVVMExampleUITests.swift; sourceTree = "<group>"; };
		FD1DF32F2AC1C9F200DF21A8 /* MVVMExampleUITestsLaunchTests.swift */ = {isa = PBXFileReference; lastKnownFileType = sourcecode.swift; path = MVVMExampleUITestsLaunchTests.swift; sourceTree = "<group>"; };
		FD1DF33D2AC1CA3600DF21A8 /* Product.swift */ = {isa = PBXFileReference; lastKnownFileType = sourcecode.swift; path = Product.swift; sourceTree = "<group>"; };
		FD1DF3402AC1CA7200DF21A8 /* Webservice.swift */ = {isa = PBXFileReference; lastKnownFileType = sourcecode.swift; path = Webservice.swift; sourceTree = "<group>"; };
		FD1DF3432AC1CD2100DF21A8 /* ProductListVM.swift */ = {isa = PBXFileReference; lastKnownFileType = sourcecode.swift; path = ProductListVM.swift; sourceTree = "<group>"; };
/* End PBXFileReference section */

/* Begin PBXFrameworksBuildPhase section */
		FD1DF30C2AC1C9ED00DF21A8 /* Frameworks */ = {
			isa = PBXFrameworksBuildPhase;
			buildActionMask = 2147483647;
			files = (
			);
			runOnlyForDeploymentPostprocessing = 0;
		};
		FD1DF31C2AC1C9F200DF21A8 /* Frameworks */ = {
			isa = PBXFrameworksBuildPhase;
			buildActionMask = 2147483647;
			files = (
			);
			runOnlyForDeploymentPostprocessing = 0;
		};
		FD1DF3262AC1C9F200DF21A8 /* Frameworks */ = {
			isa = PBXFrameworksBuildPhase;
			buildActionMask = 2147483647;
			files = (
			);
			runOnlyForDeploymentPostprocessing = 0;
		};
/* End PBXFrameworksBuildPhase section */

/* Begin PBXGroup section */
		FD1DF3062AC1C9ED00DF21A8 = {
			isa = PBXGroup;
			children = (
				FD1DF3112AC1C9ED00DF21A8 /* MVVMExample */,
				FD1DF3222AC1C9F200DF21A8 /* MVVMExampleTests */,
				FD1DF32C2AC1C9F200DF21A8 /* MVVMExampleUITests */,
				FD1DF3102AC1C9ED00DF21A8 /* Products */,
			);
			sourceTree = "<group>";
		};
		FD1DF3102AC1C9ED00DF21A8 /* Products */ = {
			isa = PBXGroup;
			children = (
				FD1DF30F2AC1C9ED00DF21A8 /* MVVMExample.app */,
				FD1DF31F2AC1C9F200DF21A8 /* MVVMExampleTests.xctest */,
				FD1DF3292AC1C9F200DF21A8 /* MVVMExampleUITests.xctest */,
			);
			name = Products;
			sourceTree = "<group>";
		};
		FD1DF3112AC1C9ED00DF21A8 /* MVVMExample */ = {
			isa = PBXGroup;
			children = (
				FD1DF3122AC1C9ED00DF21A8 /* MVVMExampleApp.swift */,
				FD1DF3142AC1C9ED00DF21A8 /* ContentView.swift */,
				FD1DF3422AC1CD1100DF21A8 /* ViewModels */,
				FD1DF33F2AC1CA6000DF21A8 /* Services */,
				FD1DF33C2AC1CA2600DF21A8 /* Models */,
				FD1DF3162AC1C9F100DF21A8 /* Assets.xcassets */,
				FD1DF3182AC1C9F100DF21A8 /* Preview Content */,
			);
			path = MVVMExample;
			sourceTree = "<group>";
		};
		FD1DF3182AC1C9F100DF21A8 /* Preview Content */ = {
			isa = PBXGroup;
			children = (
				FD1DF3192AC1C9F100DF21A8 /* Preview Assets.xcassets */,
			);
			path = "Preview Content";
			sourceTree = "<group>";
		};
		FD1DF3222AC1C9F200DF21A8 /* MVVMExampleTests */ = {
			isa = PBXGroup;
			children = (
				FD1DF3232AC1C9F200DF21A8 /* MVVMExampleTests.swift */,
			);
			path = MVVMExampleTests;
			sourceTree = "<group>";
		};
		FD1DF32C2AC1C9F200DF21A8 /* MVVMExampleUITests */ = {
			isa = PBXGroup;
			children = (
				FD1DF32D2AC1C9F200DF21A8 /* MVVMExampleUITests.swift */,
				FD1DF32F2AC1C9F200DF21A8 /* MVVMExampleUITestsLaunchTests.swift */,
			);
			path = MVVMExampleUITests;
			sourceTree = "<group>";
		};
		FD1DF33C2AC1CA2600DF21A8 /* Models */ = {
			isa = PBXGroup;
			children = (
				FD1DF33D2AC1CA3600DF21A8 /* Product.swift */,
			);
			path = Models;
			sourceTree = "<group>";
		};
		FD1DF33F2AC1CA6000DF21A8 /* Services */ = {
			isa = PBXGroup;
			children = (
				FD1DF3402AC1CA7200DF21A8 /* Webservice.swift */,
			);
			path = Services;
			sourceTree = "<group>";
		};
		FD1DF3422AC1CD1100DF21A8 /* ViewModels */ = {
			isa = PBXGroup;
			children = (
				FD1DF3432AC1CD2100DF21A8 /* ProductListVM.swift */,
			);
			path = ViewModels;
			sourceTree = "<group>";
		};
/* End PBXGroup section */

/* Begin PBXNativeTarget section */
		FD1DF30E2AC1C9ED00DF21A8 /* MVVMExample */ = {
			isa = PBXNativeTarget;
			buildConfigurationList = FD1DF3332AC1C9F200DF21A8 /* Build configuration list for PBXNativeTarget "MVVMExample" */;
			buildPhases = (
				FD1DF30B2AC1C9ED00DF21A8 /* Sources */,
				FD1DF30C2AC1C9ED00DF21A8 /* Frameworks */,
				FD1DF30D2AC1C9ED00DF21A8 /* Resources */,
			);
			buildRules = (
			);
			dependencies = (
			);
			name = MVVMExample;
			productName = MVVMExample;
			productReference = FD1DF30F2AC1C9ED00DF21A8 /* MVVMExample.app */;
			productType = "com.apple.product-type.application";
		};
		FD1DF31E2AC1C9F200DF21A8 /* MVVMExampleTests */ = {
			isa = PBXNativeTarget;
			buildConfigurationList = FD1DF3362AC1C9F200DF21A8 /* Build configuration list for PBXNativeTarget "MVVMExampleTests" */;
			buildPhases = (
				FD1DF31B2AC1C9F200DF21A8 /* Sources */,
				FD1DF31C2AC1C9F200DF21A8 /* Frameworks */,
				FD1DF31D2AC1C9F200DF21A8 /* Resources */,
			);
			buildRules = (
			);
			dependencies = (
				FD1DF3212AC1C9F200DF21A8 /* PBXTargetDependency */,
			);
			name = MVVMExampleTests;
			productName = MVVMExampleTests;
			productReference = FD1DF31F2AC1C9F200DF21A8 /* MVVMExampleTests.xctest */;
			productType = "com.apple.product-type.bundle.unit-test";
		};
		FD1DF3282AC1C9F200DF21A8 /* MVVMExampleUITests */ = {
			isa = PBXNativeTarget;
			buildConfigurationList = FD1DF3392AC1C9F200DF21A8 /* Build configuration list for PBXNativeTarget "MVVMExampleUITests" */;
			buildPhases = (
				FD1DF3252AC1C9F200DF21A8 /* Sources */,
				FD1DF3262AC1C9F200DF21A8 /* Frameworks */,
				FD1DF3272AC1C9F200DF21A8 /* Resources */,
			);
			buildRules = (
			);
			dependencies = (
				FD1DF32B2AC1C9F200DF21A8 /* PBXTargetDependency */,
			);
			name = MVVMExampleUITests;
			productName = MVVMExampleUITests;
			productReference = FD1DF3292AC1C9F200DF21A8 /* MVVMExampleUITests.xctest */;
			productType = "com.apple.product-type.bundle.ui-testing";
		};
/* End PBXNativeTarget section */

/* Begin PBXProject section */
		FD1DF3072AC1C9ED00DF21A8 /* Project object */ = {
			isa = PBXProject;
			attributes = {
				BuildIndependentTargetsInParallel = 1;
				LastSwiftUpdateCheck = 1420;
				LastUpgradeCheck = 1420;
				TargetAttributes = {
					FD1DF30E2AC1C9ED00DF21A8 = {
						CreatedOnToolsVersion = 14.2;
					};
					FD1DF31E2AC1C9F200DF21A8 = {
						CreatedOnToolsVersion = 14.2;
						TestTargetID = FD1DF30E2AC1C9ED00DF21A8;
					};
					FD1DF3282AC1C9F200DF21A8 = {
						CreatedOnToolsVersion = 14.2;
						TestTargetID = FD1DF30E2AC1C9ED00DF21A8;
					};
				};
			};
			buildConfigurationList = FD1DF30A2AC1C9ED00DF21A8 /* Build configuration list for PBXProject "MVVMExample" */;
			compatibilityVersion = "Xcode 14.0";
			developmentRegion = en;
			hasScannedForEncodings = 0;
			knownRegions = (
				en,
				Base,
			);
			mainGroup = FD1DF3062AC1C9ED00DF21A8;
			productRefGroup = FD1DF3102AC1C9ED00DF21A8 /* Products */;
			projectDirPath = "";
			projectRoot = "";
			targets = (
				FD1DF30E2AC1C9ED00DF21A8 /* MVVMExample */,
				FD1DF31E2AC1C9F200DF21A8 /* MVVMExampleTests */,
				FD1DF3282AC1C9F200DF21A8 /* MVVMExampleUITests */,
			);
		};
/* End PBXProject section */

/* Begin PBXResourcesBuildPhase section */
		FD1DF30D2AC1C9ED00DF21A8 /* Resources */ = {
			isa = PBXResourcesBuildPhase;
			buildActionMask = 2147483647;
			files = (
				FD1DF31A2AC1C9F100DF21A8 /* Preview Assets.xcassets in Resources */,
				FD1DF3172AC1C9F100DF21A8 /* Assets.xcassets in Resources */,
			);
			runOnlyForDeploymentPostprocessing = 0;
		};
		FD1DF31D2AC1C9F200DF21A8 /* Resources */ = {
			isa = PBXResourcesBuildPhase;
			buildActionMask = 2147483647;
			files = (
			);
			runOnlyForDeploymentPostprocessing = 0;
		};
		FD1DF3272AC1C9F200DF21A8 /* Resources */ = {
			isa = PBXResourcesBuildPhase;
			buildActionMask = 2147483647;
			files = (
			);
			runOnlyForDeploymentPostprocessing = 0;
		};
/* End PBXResourcesBuildPhase section */

/* Begin PBXSourcesBuildPhase section */
		FD1DF30B2AC1C9ED00DF21A8 /* Sources */ = {
			isa = PBXSourcesBuildPhase;
			buildActionMask = 2147483647;
			files = (
				FD1DF3152AC1C9ED00DF21A8 /* ContentView.swift in Sources */,
				FD1DF3132AC1C9ED00DF21A8 /* MVVMExampleApp.swift in Sources */,
				FD1DF3412AC1CA7200DF21A8 /* Webservice.swift in Sources */,
				FD1DF3442AC1CD2100DF21A8 /* ProductListVM.swift in Sources */,
				FD1DF33E2AC1CA3600DF21A8 /* Product.swift in Sources */,
			);
			runOnlyForDeploymentPostprocessing = 0;
		};
		FD1DF31B2AC1C9F200DF21A8 /* Sources */ = {
			isa = PBXSourcesBuildPhase;
			buildActionMask = 2147483647;
			files = (
				FD1DF3242AC1C9F200DF21A8 /* MVVMExampleTests.swift in Sources */,
			);
			runOnlyForDeploymentPostprocessing = 0;
		};
		FD1DF3252AC1C9F200DF21A8 /* Sources */ = {
			isa = PBXSourcesBuildPhase;
			buildActionMask = 2147483647;
			files = (
				FD1DF32E2AC1C9F200DF21A8 /* MVVMExampleUITests.swift in Sources */,
				FD1DF3302AC1C9F200DF21A8 /* MVVMExampleUITestsLaunchTests.swift in Sources */,
			);
			runOnlyForDeploymentPostprocessing = 0;
		};
/* End PBXSourcesBuildPhase section */

/* Begin PBXTargetDependency section */
		FD1DF3212AC1C9F200DF21A8 /* PBXTargetDependency */ = {
			isa = PBXTargetDependency;
			target = FD1DF30E2AC1C9ED00DF21A8 /* MVVMExample */;
			targetProxy = FD1DF3202AC1C9F200DF21A8 /* PBXContainerItemProxy */;
		};
		FD1DF32B2AC1C9F200DF21A8 /* PBXTargetDependency */ = {
			isa = PBXTargetDependency;
			target = FD1DF30E2AC1C9ED00DF21A8 /* MVVMExample */;
			targetProxy = FD1DF32A2AC1C9F200DF21A8 /* PBXContainerItemProxy */;
		};
/* End PBXTargetDependency section */

/* Begin XCBuildConfiguration section */
		FD1DF3312AC1C9F200DF21A8 /* Debug */ = {
			isa = XCBuildConfiguration;
			buildSettings = {
				ALWAYS_SEARCH_USER_PATHS = NO;
				CLANG_ANALYZER_NONNULL = YES;
				CLANG_ANALYZER_NUMBER_OBJECT_CONVERSION = YES_AGGRESSIVE;
				CLANG_CXX_LANGUAGE_STANDARD = "gnu++20";
				CLANG_ENABLE_MODULES = YES;
				CLANG_ENABLE_OBJC_ARC = YES;
				CLANG_ENABLE_OBJC_WEAK = YES;
				CLANG_WARN_BLOCK_CAPTURE_AUTORELEASING = YES;
				CLANG_WARN_BOOL_CONVERSION = YES;
				CLANG_WARN_COMMA = YES;
				CLANG_WARN_CONSTANT_CONVERSION = YES;
				CLANG_WARN_DEPRECATED_OBJC_IMPLEMENTATIONS = YES;
				CLANG_WARN_DIRECT_OBJC_ISA_USAGE = YES_ERROR;
				CLANG_WARN_DOCUMENTATION_COMMENTS = YES;
				CLANG_WARN_EMPTY_BODY = YES;
				CLANG_WARN_ENUM_CONVERSION = YES;
				CLANG_WARN_INFINITE_RECURSION = YES;
				CLANG_WARN_INT_CONVERSION = YES;
				CLANG_WARN_NON_LITERAL_NULL_CONVERSION = YES;
				CLANG_WARN_OBJC_IMPLICIT_RETAIN_SELF = YES;
				CLANG_WARN_OBJC_LITERAL_CONVERSION = YES;
				CLANG_WARN_OBJC_ROOT_CLASS = YES_ERROR;
				CLANG_WARN_QUOTED_INCLUDE_IN_FRAMEWORK_HEADER = YES;
				CLANG_WARN_RANGE_LOOP_ANALYSIS = YES;
				CLANG_WARN_STRICT_PROTOTYPES = YES;
				CLANG_WARN_SUSPICIOUS_MOVE = YES;
				CLANG_WARN_UNGUARDED_AVAILABILITY = YES_AGGRESSIVE;
				CLANG_WARN_UNREACHABLE_CODE = YES;
				CLANG_WARN__DUPLICATE_METHOD_MATCH = YES;
				COPY_PHASE_STRIP = NO;
				DEBUG_INFORMATION_FORMAT = dwarf;
				ENABLE_STRICT_OBJC_MSGSEND = YES;
				ENABLE_TESTABILITY = YES;
				GCC_C_LANGUAGE_STANDARD = gnu11;
				GCC_DYNAMIC_NO_PIC = NO;
				GCC_NO_COMMON_BLOCKS = YES;
				GCC_OPTIMIZATION_LEVEL = 0;
				GCC_PREPROCESSOR_DEFINITIONS = (
					"DEBUG=1",
					"$(inherited)",
				);
				GCC_WARN_64_TO_32_BIT_CONVERSION = YES;
				GCC_WARN_ABOUT_RETURN_TYPE = YES_ERROR;
				GCC_WARN_UNDECLARED_SELECTOR = YES;
				GCC_WARN_UNINITIALIZED_AUTOS = YES_AGGRESSIVE;
				GCC_WARN_UNUSED_FUNCTION = YES;
				GCC_WARN_UNUSED_VARIABLE = YES;
				IPHONEOS_DEPLOYMENT_TARGET = 16.2;
				MTL_ENABLE_DEBUG_INFO = INCLUDE_SOURCE;
				MTL_FAST_MATH = YES;
				ONLY_ACTIVE_ARCH = YES;
				SDKROOT = iphoneos;
				SWIFT_ACTIVE_COMPILATION_CONDITIONS = DEBUG;
				SWIFT_OPTIMIZATION_LEVEL = "-Onone";
			};
			name = Debug;
		};
		FD1DF3322AC1C9F200DF21A8 /* Release */ = {
			isa = XCBuildConfiguration;
			buildSettings = {
				ALWAYS_SEARCH_USER_PATHS = NO;
				CLANG_ANALYZER_NONNULL = YES;
				CLANG_ANALYZER_NUMBER_OBJECT_CONVERSION = YES_AGGRESSIVE;
				CLANG_CXX_LANGUAGE_STANDARD = "gnu++20";
				CLANG_ENABLE_MODULES = YES;
				CLANG_ENABLE_OBJC_ARC = YES;
				CLANG_ENABLE_OBJC_WEAK = YES;
				CLANG_WARN_BLOCK_CAPTURE_AUTORELEASING = YES;
				CLANG_WARN_BOOL_CONVERSION = YES;
				CLANG_WARN_COMMA = YES;
				CLANG_WARN_CONSTANT_CONVERSION = YES;
				CLANG_WARN_DEPRECATED_OBJC_IMPLEMENTATIONS = YES;
				CLANG_WARN_DIRECT_OBJC_ISA_USAGE = YES_ERROR;
				CLANG_WARN_DOCUMENTATION_COMMENTS = YES;
				CLANG_WARN_EMPTY_BODY = YES;
				CLANG_WARN_ENUM_CONVERSION = YES;
				CLANG_WARN_INFINITE_RECURSION = YES;
				CLANG_WARN_INT_CONVERSION = YES;
				CLANG_WARN_NON_LITERAL_NULL_CONVERSION = YES;
				CLANG_WARN_OBJC_IMPLICIT_RETAIN_SELF = YES;
				CLANG_WARN_OBJC_LITERAL_CONVERSION = YES;
				CLANG_WARN_OBJC_ROOT_CLASS = YES_ERROR;
				CLANG_WARN_QUOTED_INCLUDE_IN_FRAMEWORK_HEADER = YES;
				CLANG_WARN_RANGE_LOOP_ANALYSIS = YES;
				CLANG_WARN_STRICT_PROTOTYPES = YES;
				CLANG_WARN_SUSPICIOUS_MOVE = YES;
				CLANG_WARN_UNGUARDED_AVAILABILITY = YES_AGGRESSIVE;
				CLANG_WARN_UNREACHABLE_CODE = YES;
				CLANG_WARN__DUPLICATE_METHOD_MATCH = YES;
				COPY_PHASE_STRIP = NO;
				DEBUG_INFORMATION_FORMAT = "dwarf-with-dsym";
				ENABLE_NS_ASSERTIONS = NO;
				ENABLE_STRICT_OBJC_MSGSEND = YES;
				GCC_C_LANGUAGE_STANDARD = gnu11;
				GCC_NO_COMMON_BLOCKS = YES;
				GCC_WARN_64_TO_32_BIT_CONVERSION = YES;
				GCC_WARN_ABOUT_RETURN_TYPE = YES_ERROR;
				GCC_WARN_UNDECLARED_SELECTOR = YES;
				GCC_WARN_UNINITIALIZED_AUTOS = YES_AGGRESSIVE;
				GCC_WARN_UNUSED_FUNCTION = YES;
				GCC_WARN_UNUSED_VARIABLE = YES;
				IPHONEOS_DEPLOYMENT_TARGET = 16.2;
				MTL_ENABLE_DEBUG_INFO = NO;
				MTL_FAST_MATH = YES;
				SDKROOT = iphoneos;
				SWIFT_COMPILATION_MODE = wholemodule;
				SWIFT_OPTIMIZATION_LEVEL = "-O";
				VALIDATE_PRODUCT = YES;
			};
			name = Release;
		};
		FD1DF3342AC1C9F200DF21A8 /* Debug */ = {
			isa = XCBuildConfiguration;
			buildSettings = {
				ASSETCATALOG_COMPILER_APPICON_NAME = AppIcon;
				ASSETCATALOG_COMPILER_GLOBAL_ACCENT_COLOR_NAME = AccentColor;
				CODE_SIGN_STYLE = Automatic;
				CURRENT_PROJECT_VERSION = 1;
				DEVELOPMENT_ASSET_PATHS = "\"MVVMExample/Preview Content\"";
				DEVELOPMENT_TEAM = XP6V4T4UU6;
				ENABLE_PREVIEWS = YES;
				GENERATE_INFOPLIST_FILE = YES;
				INFOPLIST_KEY_UIApplicationSceneManifest_Generation = YES;
				INFOPLIST_KEY_UIApplicationSupportsIndirectInputEvents = YES;
				INFOPLIST_KEY_UILaunchScreen_Generation = YES;
				INFOPLIST_KEY_UISupportedInterfaceOrientations_iPad = "UIInterfaceOrientationPortrait UIInterfaceOrientationPortraitUpsideDown UIInterfaceOrientationLandscapeLeft UIInterfaceOrientationLandscapeRight";
				INFOPLIST_KEY_UISupportedInterfaceOrientations_iPhone = "UIInterfaceOrientationPortrait UIInterfaceOrientationLandscapeLeft UIInterfaceOrientationLandscapeRight";
				LD_RUNPATH_SEARCH_PATHS = (
					"$(inherited)",
					"@executable_path/Frameworks",
				);
				MARKETING_VERSION = 1.0;
				PRODUCT_BUNDLE_IDENTIFIER = com.blacenova.MVVMExample;
				PRODUCT_NAME = "$(TARGET_NAME)";
				SWIFT_EMIT_LOC_STRINGS = YES;
				SWIFT_VERSION = 5.0;
				TARGETED_DEVICE_FAMILY = "1,2";
			};
			name = Debug;
		};
		FD1DF3352AC1C9F200DF21A8 /* Release */ = {
			isa = XCBuildConfiguration;
			buildSettings = {
				ASSETCATALOG_COMPILER_APPICON_NAME = AppIcon;
				ASSETCATALOG_COMPILER_GLOBAL_ACCENT_COLOR_NAME = AccentColor;
				CODE_SIGN_STYLE = Automatic;
				CURRENT_PROJECT_VERSION = 1;
				DEVELOPMENT_ASSET_PATHS = "\"MVVMExample/Preview Content\"";
				DEVELOPMENT_TEAM = XP6V4T4UU6;
				ENABLE_PREVIEWS = YES;
				GENERATE_INFOPLIST_FILE = YES;
				INFOPLIST_KEY_UIApplicationSceneManifest_Generation = YES;
				INFOPLIST_KEY_UIApplicationSupportsIndirectInputEvents = YES;
				INFOPLIST_KEY_UILaunchScreen_Generation = YES;
				INFOPLIST_KEY_UISupportedInterfaceOrientations_iPad = "UIInterfaceOrientationPortrait UIInterfaceOrientationPortraitUpsideDown UIInterfaceOrientationLandscapeLeft UIInterfaceOrientationLandscapeRight";
				INFOPLIST_KEY_UISupportedInterfaceOrientations_iPhone = "UIInterfaceOrientationPortrait UIInterfaceOrientationLandscapeLeft UIInterfaceOrientationLandscapeRight";
				LD_RUNPATH_SEARCH_PATHS = (
					"$(inherited)",
					"@executable_path/Frameworks",
				);
				MARKETING_VERSION = 1.0;
				PRODUCT_BUNDLE_IDENTIFIER = com.blacenova.MVVMExample;
				PRODUCT_NAME = "$(TARGET_NAME)";
				SWIFT_EMIT_LOC_STRINGS = YES;
				SWIFT_VERSION = 5.0;
				TARGETED_DEVICE_FAMILY = "1,2";
			};
			name = Release;
		};
		FD1DF3372AC1C9F200DF21A8 /* Debug */ = {
			isa = XCBuildConfiguration;
			buildSettings = {
				ALWAYS_EMBED_SWIFT_STANDARD_LIBRARIES = YES;
				BUNDLE_LOADER = "$(TEST_HOST)";
				CODE_SIGN_STYLE = Automatic;
				CURRENT_PROJECT_VERSION = 1;
				DEVELOPMENT_TEAM = XP6V4T4UU6;
				GENERATE_INFOPLIST_FILE = YES;
				IPHONEOS_DEPLOYMENT_TARGET = 16.2;
				MARKETING_VERSION = 1.0;
				PRODUCT_BUNDLE_IDENTIFIER = com.blacenova.MVVMExampleTests;
				PRODUCT_NAME = "$(TARGET_NAME)";
				SWIFT_EMIT_LOC_STRINGS = NO;
				SWIFT_VERSION = 5.0;
				TARGETED_DEVICE_FAMILY = "1,2";
				TEST_HOST = "$(BUILT_PRODUCTS_DIR)/MVVMExample.app/$(BUNDLE_EXECUTABLE_FOLDER_PATH)/MVVMExample";
			};
			name = Debug;
		};
		FD1DF3382AC1C9F200DF21A8 /* Release */ = {
			isa = XCBuildConfiguration;
			buildSettings = {
				ALWAYS_EMBED_SWIFT_STANDARD_LIBRARIES = YES;
				BUNDLE_LOADER = "$(TEST_HOST)";
				CODE_SIGN_STYLE = Automatic;
				CURRENT_PROJECT_VERSION = 1;
				DEVELOPMENT_TEAM = XP6V4T4UU6;
				GENERATE_INFOPLIST_FILE = YES;
				IPHONEOS_DEPLOYMENT_TARGET = 16.2;
				MARKETING_VERSION = 1.0;
				PRODUCT_BUNDLE_IDENTIFIER = com.blacenova.MVVMExampleTests;
				PRODUCT_NAME = "$(TARGET_NAME)";
				SWIFT_EMIT_LOC_STRINGS = NO;
				SWIFT_VERSION = 5.0;
				TARGETED_DEVICE_FAMILY = "1,2";
				TEST_HOST = "$(BUILT_PRODUCTS_DIR)/MVVMExample.app/$(BUNDLE_EXECUTABLE_FOLDER_PATH)/MVVMExample";
			};
			name = Release;
		};
		FD1DF33A2AC1C9F200DF21A8 /* Debug */ = {
			isa = XCBuildConfiguration;
			buildSettings = {
				ALWAYS_EMBED_SWIFT_STANDARD_LIBRARIES = YES;
				CODE_SIGN_STYLE = Automatic;
				CURRENT_PROJECT_VERSION = 1;
				DEVELOPMENT_TEAM = XP6V4T4UU6;
				GENERATE_INFOPLIST_FILE = YES;
				MARKETING_VERSION = 1.0;
				PRODUCT_BUNDLE_IDENTIFIER = com.blacenova.MVVMExampleUITests;
				PRODUCT_NAME = "$(TARGET_NAME)";
				SWIFT_EMIT_LOC_STRINGS = NO;
				SWIFT_VERSION = 5.0;
				TARGETED_DEVICE_FAMILY = "1,2";
				TEST_TARGET_NAME = MVVMExample;
			};
			name = Debug;
		};
		FD1DF33B2AC1C9F200DF21A8 /* Release */ = {
			isa = XCBuildConfiguration;
			buildSettings = {
				ALWAYS_EMBED_SWIFT_STANDARD_LIBRARIES = YES;
				CODE_SIGN_STYLE = Automatic;
				CURRENT_PROJECT_VERSION = 1;
				DEVELOPMENT_TEAM = XP6V4T4UU6;
				GENERATE_INFOPLIST_FILE = YES;
				MARKETING_VERSION = 1.0;
				PRODUCT_BUNDLE_IDENTIFIER = com.blacenova.MVVMExampleUITests;
				PRODUCT_NAME = "$(TARGET_NAME)";
				SWIFT_EMIT_LOC_STRINGS = NO;
				SWIFT_VERSION = 5.0;
				TARGETED_DEVICE_FAMILY = "1,2";
				TEST_TARGET_NAME = MVVMExample;
			};
			name = Release;
		};
/* End XCBuildConfiguration section */

/* Begin XCConfigurationList section */
		FD1DF30A2AC1C9ED00DF21A8 /* Build configuration list for PBXProject "MVVMExample" */ = {
			isa = XCConfigurationList;
			buildConfigurations = (
				FD1DF3312AC1C9F200DF21A8 /* Debug */,
				FD1DF3322AC1C9F200DF21A8 /* Release */,
			);
			defaultConfigurationIsVisible = 0;
			defaultConfigurationName = Release;
		};
		FD1DF3332AC1C9F200DF21A8 /* Build configuration list for PBXNativeTarget "MVVMExample" */ = {
			isa = XCConfigurationList;
			buildConfigurations = (
				FD1DF3342AC1C9F200DF21A8 /* Debug */,
				FD1DF3352AC1C9F200DF21A8 /* Release */,
			);
			defaultConfigurationIsVisible = 0;
			defaultConfigurationName = Release;
		};
		FD1DF3362AC1C9F200DF21A8 /* Build configuration list for PBXNativeTarget "MVVMExampleTests" */ = {
			isa = XCConfigurationList;
			buildConfigurations = (
				FD1DF3372AC1C9F200DF21A8 /* Debug */,
				FD1DF3382AC1C9F200DF21A8 /* Release */,
			);
			defaultConfigurationIsVisible = 0;
			defaultConfigurationName = Release;
		};
		FD1DF3392AC1C9F200DF21A8 /* Build configuration list for PBXNativeTarget "MVVMExampleUITests" */ = {
			isa = XCConfigurationList;
			buildConfigurations = (
				FD1DF33A2AC1C9F200DF21A8 /* Debug */,
				FD1DF33B2AC1C9F200DF21A8 /* Release */,
			);
			defaultConfigurationIsVisible = 0;
			defaultConfigurationName = Release;
		};
/* End XCConfigurationList section */
	};
	rootObject = FD1DF3072AC1C9ED00DF21A8 /* Project object */;
}
